// !$*UTF8*$!
{
	archiveVersion = 1;
	classes = {
	};
	objectVersion = 46;
	objects = {

/* Begin PBXBuildFile section */
		8429BF411E6FE42400420D54 /* main.m in Sources */ = {isa = PBXBuildFile; fileRef = 8429BF401E6FE42400420D54 /* main.m */; };
		8429BF441E6FE42400420D54 /* AppDelegate.m in Sources */ = {isa = PBXBuildFile; fileRef = 8429BF431E6FE42400420D54 /* AppDelegate.m */; };
		8429BF4A1E6FE42400420D54 /* Main.storyboard in Resources */ = {isa = PBXBuildFile; fileRef = 8429BF481E6FE42400420D54 /* Main.storyboard */; };
		8429BF4C1E6FE42400420D54 /* Assets.xcassets in Resources */ = {isa = PBXBuildFile; fileRef = 8429BF4B1E6FE42400420D54 /* Assets.xcassets */; };
		8429BF4F1E6FE42400420D54 /* LaunchScreen.storyboard in Resources */ = {isa = PBXBuildFile; fileRef = 8429BF4D1E6FE42400420D54 /* LaunchScreen.storyboard */; };
		8429BF5A1E6FE42500420D54 /* HHRouterTestDemoTests.m in Sources */ = {isa = PBXBuildFile; fileRef = 8429BF591E6FE42500420D54 /* HHRouterTestDemoTests.m */; };
		8429BF651E6FE42500420D54 /* HHRouterTestDemoUITests.m in Sources */ = {isa = PBXBuildFile; fileRef = 8429BF641E6FE42500420D54 /* HHRouterTestDemoUITests.m */; };
		8429BF741E6FE73000420D54 /* UserAViewController.m in Sources */ = {isa = PBXBuildFile; fileRef = 8429BF731E6FE73000420D54 /* UserAViewController.m */; };
		8429BF781E6FE75200420D54 /* UserBViewController.m in Sources */ = {isa = PBXBuildFile; fileRef = 8429BF761E6FE75200420D54 /* UserBViewController.m */; };
		8429BF791E6FE75200420D54 /* UserBViewController.xib in Resources */ = {isa = PBXBuildFile; fileRef = 8429BF771E6FE75200420D54 /* UserBViewController.xib */; };
		8429BF801E700F5800420D54 /* UserCControllerViewController.m in Sources */ = {isa = PBXBuildFile; fileRef = 8429BF7E1E700F5800420D54 /* UserCControllerViewController.m */; };
		8429BF811E700F5800420D54 /* UserCControllerViewController.xib in Resources */ = {isa = PBXBuildFile; fileRef = 8429BF7F1E700F5800420D54 /* UserCControllerViewController.xib */; };
		8429BF851E70115800420D54 /* UserDViewController.m in Sources */ = {isa = PBXBuildFile; fileRef = 8429BF831E70115800420D54 /* UserDViewController.m */; };
		8429BF861E70115800420D54 /* UserDViewController.xib in Resources */ = {isa = PBXBuildFile; fileRef = 8429BF841E70115800420D54 /* UserDViewController.xib */; };
		BBCF4BB6F2BDED9F75BFD2D3 /* libPods-HHRouterTestDemo.a in Frameworks */ = {isa = PBXBuildFile; fileRef = 8E1BAB858CB8FF013DDC085D /* libPods-HHRouterTestDemo.a */; };
/* End PBXBuildFile section */

/* Begin PBXContainerItemProxy section */
		8429BF561E6FE42500420D54 /* PBXContainerItemProxy */ = {
			isa = PBXContainerItemProxy;
			containerPortal = 8429BF341E6FE42400420D54 /* Project object */;
			proxyType = 1;
			remoteGlobalIDString = 8429BF3B1E6FE42400420D54;
			remoteInfo = HHRouterTestDemo;
		};
		8429BF611E6FE42500420D54 /* PBXContainerItemProxy */ = {
			isa = PBXContainerItemProxy;
			containerPortal = 8429BF341E6FE42400420D54 /* Project object */;
			proxyType = 1;
			remoteGlobalIDString = 8429BF3B1E6FE42400420D54;
			remoteInfo = HHRouterTestDemo;
		};
/* End PBXContainerItemProxy section */

/* Begin PBXFileReference section */
		7572A3489A3A9A707CC901AC /* Pods-HHRouterTestDemo.release.xcconfig */ = {isa = PBXFileReference; includeInIndex = 1; lastKnownFileType = text.xcconfig; name = "Pods-HHRouterTestDemo.release.xcconfig"; path = "Pods/Target Support Files/Pods-HHRouterTestDemo/Pods-HHRouterTestDemo.release.xcconfig"; sourceTree = "<group>"; };
		8429BF3C1E6FE42400420D54 /* HHRouterTestDemo.app */ = {isa = PBXFileReference; explicitFileType = wrapper.application; includeInIndex = 0; path = HHRouterTestDemo.app; sourceTree = BUILT_PRODUCTS_DIR; };
		8429BF401E6FE42400420D54 /* main.m */ = {isa = PBXFileReference; lastKnownFileType = sourcecode.c.objc; path = main.m; sourceTree = "<group>"; };
		8429BF421E6FE42400420D54 /* AppDelegate.h */ = {isa = PBXFileReference; lastKnownFileType = sourcecode.c.h; path = AppDelegate.h; sourceTree = "<group>"; };
		8429BF431E6FE42400420D54 /* AppDelegate.m */ = {isa = PBXFileReference; lastKnownFileType = sourcecode.c.objc; path = AppDelegate.m; sourceTree = "<group>"; };
		8429BF491E6FE42400420D54 /* Base */ = {isa = PBXFileReference; lastKnownFileType = file.storyboard; name = Base; path = Base.lproj/Main.storyboard; sourceTree = "<group>"; };
		8429BF4B1E6FE42400420D54 /* Assets.xcassets */ = {isa = PBXFileReference; lastKnownFileType = folder.assetcatalog; path = Assets.xcassets; sourceTree = "<group>"; };
		8429BF4E1E6FE42400420D54 /* Base */ = {isa = PBXFileReference; lastKnownFileType = file.storyboard; name = Base; path = Base.lproj/LaunchScreen.storyboard; sourceTree = "<group>"; };
		8429BF501E6FE42400420D54 /* Info.plist */ = {isa = PBXFileReference; lastKnownFileType = text.plist.xml; path = Info.plist; sourceTree = "<group>"; };
		8429BF551E6FE42500420D54 /* HHRouterTestDemoTests.xctest */ = {isa = PBXFileReference; explicitFileType = wrapper.cfbundle; includeInIndex = 0; path = HHRouterTestDemoTests.xctest; sourceTree = BUILT_PRODUCTS_DIR; };
		8429BF591E6FE42500420D54 /* HHRouterTestDemoTests.m */ = {isa = PBXFileReference; lastKnownFileType = sourcecode.c.objc; path = HHRouterTestDemoTests.m; sourceTree = "<group>"; };
		8429BF5B1E6FE42500420D54 /* Info.plist */ = {isa = PBXFileReference; lastKnownFileType = text.plist.xml; path = Info.plist; sourceTree = "<group>"; };
		8429BF601E6FE42500420D54 /* HHRouterTestDemoUITests.xctest */ = {isa = PBXFileReference; explicitFileType = wrapper.cfbundle; includeInIndex = 0; path = HHRouterTestDemoUITests.xctest; sourceTree = BUILT_PRODUCTS_DIR; };
		8429BF641E6FE42500420D54 /* HHRouterTestDemoUITests.m */ = {isa = PBXFileReference; lastKnownFileType = sourcecode.c.objc; path = HHRouterTestDemoUITests.m; sourceTree = "<group>"; };
		8429BF661E6FE42500420D54 /* Info.plist */ = {isa = PBXFileReference; lastKnownFileType = text.plist.xml; path = Info.plist; sourceTree = "<group>"; };
		8429BF721E6FE73000420D54 /* UserAViewController.h */ = {isa = PBXFileReference; fileEncoding = 4; lastKnownFileType = sourcecode.c.h; path = UserAViewController.h; sourceTree = "<group>"; };
		8429BF731E6FE73000420D54 /* UserAViewController.m */ = {isa = PBXFileReference; fileEncoding = 4; lastKnownFileType = sourcecode.c.objc; path = UserAViewController.m; sourceTree = "<group>"; };
		8429BF751E6FE75200420D54 /* UserBViewController.h */ = {isa = PBXFileReference; fileEncoding = 4; lastKnownFileType = sourcecode.c.h; path = UserBViewController.h; sourceTree = "<group>"; };
		8429BF761E6FE75200420D54 /* UserBViewController.m */ = {isa = PBXFileReference; fileEncoding = 4; lastKnownFileType = sourcecode.c.objc; path = UserBViewController.m; sourceTree = "<group>"; };
		8429BF771E6FE75200420D54 /* UserBViewController.xib */ = {isa = PBXFileReference; fileEncoding = 4; lastKnownFileType = file.xib; path = UserBViewController.xib; sourceTree = "<group>"; };
		8429BF7A1E6FF3F300420D54 /* HHRouterTestDemo.pch */ = {isa = PBXFileReference; lastKnownFileType = sourcecode.c.h; path = HHRouterTestDemo.pch; sourceTree = "<group>"; };
		8429BF7C1E6FFCFD00420D54 /* Macro.h */ = {isa = PBXFileReference; lastKnownFileType = sourcecode.c.h; path = Macro.h; sourceTree = "<group>"; };
		8429BF7D1E700F5800420D54 /* UserCControllerViewController.h */ = {isa = PBXFileReference; fileEncoding = 4; lastKnownFileType = sourcecode.c.h; path = UserCControllerViewController.h; sourceTree = "<group>"; };
		8429BF7E1E700F5800420D54 /* UserCControllerViewController.m */ = {isa = PBXFileReference; fileEncoding = 4; lastKnownFileType = sourcecode.c.objc; path = UserCControllerViewController.m; sourceTree = "<group>"; };
		8429BF7F1E700F5800420D54 /* UserCControllerViewController.xib */ = {isa = PBXFileReference; fileEncoding = 4; lastKnownFileType = file.xib; path = UserCControllerViewController.xib; sourceTree = "<group>"; };
		8429BF821E70115800420D54 /* UserDViewController.h */ = {isa = PBXFileReference; fileEncoding = 4; lastKnownFileType = sourcecode.c.h; path = UserDViewController.h; sourceTree = "<group>"; };
		8429BF831E70115800420D54 /* UserDViewController.m */ = {isa = PBXFileReference; fileEncoding = 4; lastKnownFileType = sourcecode.c.objc; path = UserDViewController.m; sourceTree = "<group>"; };
		8429BF841E70115800420D54 /* UserDViewController.xib */ = {isa = PBXFileReference; fileEncoding = 4; lastKnownFileType = file.xib; path = UserDViewController.xib; sourceTree = "<group>"; };
		8E1BAB858CB8FF013DDC085D /* libPods-HHRouterTestDemo.a */ = {isa = PBXFileReference; explicitFileType = archive.ar; includeInIndex = 0; path = "libPods-HHRouterTestDemo.a"; sourceTree = BUILT_PRODUCTS_DIR; };
		919705EBBDA87CEFE9131AD3 /* Pods-HHRouterTestDemo.debug.xcconfig */ = {isa = PBXFileReference; includeInIndex = 1; lastKnownFileType = text.xcconfig; name = "Pods-HHRouterTestDemo.debug.xcconfig"; path = "Pods/Target Support Files/Pods-HHRouterTestDemo/Pods-HHRouterTestDemo.debug.xcconfig"; sourceTree = "<group>"; };
/* End PBXFileReference section */

/* Begin PBXFrameworksBuildPhase section */
		8429BF391E6FE42400420D54 /* Frameworks */ = {
			isa = PBXFrameworksBuildPhase;
			buildActionMask = 2147483647;
			files = (
				BBCF4BB6F2BDED9F75BFD2D3 /* libPods-HHRouterTestDemo.a in Frameworks */,
			);
			runOnlyForDeploymentPostprocessing = 0;
		};
		8429BF521E6FE42500420D54 /* Frameworks */ = {
			isa = PBXFrameworksBuildPhase;
			buildActionMask = 2147483647;
			files = (
			);
			runOnlyForDeploymentPostprocessing = 0;
		};
		8429BF5D1E6FE42500420D54 /* Frameworks */ = {
			isa = PBXFrameworksBuildPhase;
			buildActionMask = 2147483647;
			files = (
			);
			runOnlyForDeploymentPostprocessing = 0;
		};
/* End PBXFrameworksBuildPhase section */

/* Begin PBXGroup section */
		7514EBED9C8CDCB89E996EF2 /* Frameworks */ = {
			isa = PBXGroup;
			children = (
				8E1BAB858CB8FF013DDC085D /* libPods-HHRouterTestDemo.a */,
			);
			name = Frameworks;
			sourceTree = "<group>";
		};
		8429BF331E6FE42400420D54 = {
			isa = PBXGroup;
			children = (
				8429BF3E1E6FE42400420D54 /* HHRouterTestDemo */,
				8429BF581E6FE42500420D54 /* HHRouterTestDemoTests */,
				8429BF631E6FE42500420D54 /* HHRouterTestDemoUITests */,
				8429BF3D1E6FE42400420D54 /* Products */,
				B1AC8B3D619FFFC204C2A8A9 /* Pods */,
				7514EBED9C8CDCB89E996EF2 /* Frameworks */,
			);
			sourceTree = "<group>";
		};
		8429BF3D1E6FE42400420D54 /* Products */ = {
			isa = PBXGroup;
			children = (
				8429BF3C1E6FE42400420D54 /* HHRouterTestDemo.app */,
				8429BF551E6FE42500420D54 /* HHRouterTestDemoTests.xctest */,
				8429BF601E6FE42500420D54 /* HHRouterTestDemoUITests.xctest */,
			);
			name = Products;
			sourceTree = "<group>";
		};
		8429BF3E1E6FE42400420D54 /* HHRouterTestDemo */ = {
			isa = PBXGroup;
			children = (
				8429BF421E6FE42400420D54 /* AppDelegate.h */,
				8429BF431E6FE42400420D54 /* AppDelegate.m */,
				8429BF481E6FE42400420D54 /* Main.storyboard */,
				8429BF4B1E6FE42400420D54 /* Assets.xcassets */,
				8429BF4D1E6FE42400420D54 /* LaunchScreen.storyboard */,
				8429BF501E6FE42400420D54 /* Info.plist */,
				8429BF7C1E6FFCFD00420D54 /* Macro.h */,
				8429BF7A1E6FF3F300420D54 /* HHRouterTestDemo.pch */,
				8429BF3F1E6FE42400420D54 /* Supporting Files */,
				8429BF721E6FE73000420D54 /* UserAViewController.h */,
				8429BF731E6FE73000420D54 /* UserAViewController.m */,
				8429BF751E6FE75200420D54 /* UserBViewController.h */,
				8429BF761E6FE75200420D54 /* UserBViewController.m */,
				8429BF771E6FE75200420D54 /* UserBViewController.xib */,
				8429BF7D1E700F5800420D54 /* UserCControllerViewController.h */,
				8429BF7E1E700F5800420D54 /* UserCControllerViewController.m */,
				8429BF7F1E700F5800420D54 /* UserCControllerViewController.xib */,
				8429BF821E70115800420D54 /* UserDViewController.h */,
				8429BF831E70115800420D54 /* UserDViewController.m */,
				8429BF841E70115800420D54 /* UserDViewController.xib */,
			);
			path = HHRouterTestDemo;
			sourceTree = "<group>";
		};
		8429BF3F1E6FE42400420D54 /* Supporting Files */ = {
			isa = PBXGroup;
			children = (
				8429BF401E6FE42400420D54 /* main.m */,
			);
			name = "Supporting Files";
			sourceTree = "<group>";
		};
		8429BF581E6FE42500420D54 /* HHRouterTestDemoTests */ = {
			isa = PBXGroup;
			children = (
				8429BF591E6FE42500420D54 /* HHRouterTestDemoTests.m */,
				8429BF5B1E6FE42500420D54 /* Info.plist */,
			);
			path = HHRouterTestDemoTests;
			sourceTree = "<group>";
		};
		8429BF631E6FE42500420D54 /* HHRouterTestDemoUITests */ = {
			isa = PBXGroup;
			children = (
				8429BF641E6FE42500420D54 /* HHRouterTestDemoUITests.m */,
				8429BF661E6FE42500420D54 /* Info.plist */,
			);
			path = HHRouterTestDemoUITests;
			sourceTree = "<group>";
		};
		B1AC8B3D619FFFC204C2A8A9 /* Pods */ = {
			isa = PBXGroup;
			children = (
				919705EBBDA87CEFE9131AD3 /* Pods-HHRouterTestDemo.debug.xcconfig */,
				7572A3489A3A9A707CC901AC /* Pods-HHRouterTestDemo.release.xcconfig */,
			);
			name = Pods;
			sourceTree = "<group>";
		};
/* End PBXGroup section */

/* Begin PBXNativeTarget section */
		8429BF3B1E6FE42400420D54 /* HHRouterTestDemo */ = {
			isa = PBXNativeTarget;
			buildConfigurationList = 8429BF691E6FE42500420D54 /* Build configuration list for PBXNativeTarget "HHRouterTestDemo" */;
			buildPhases = (
				A0FE6DC4F8927C7EC6C932C0 /* [CP] Check Pods Manifest.lock */,
				8429BF381E6FE42400420D54 /* Sources */,
				8429BF391E6FE42400420D54 /* Frameworks */,
				8429BF3A1E6FE42400420D54 /* Resources */,
				3F165FD0A0062713A236B8C8 /* [CP] Embed Pods Frameworks */,
				9606662C80320FA76C43D611 /* [CP] Copy Pods Resources */,
			);
			buildRules = (
			);
			dependencies = (
			);
			name = HHRouterTestDemo;
			productName = HHRouterTestDemo;
			productReference = 8429BF3C1E6FE42400420D54 /* HHRouterTestDemo.app */;
			productType = "com.apple.product-type.application";
		};
		8429BF541E6FE42500420D54 /* HHRouterTestDemoTests */ = {
			isa = PBXNativeTarget;
			buildConfigurationList = 8429BF6C1E6FE42500420D54 /* Build configuration list for PBXNativeTarget "HHRouterTestDemoTests" */;
			buildPhases = (
				8429BF511E6FE42500420D54 /* Sources */,
				8429BF521E6FE42500420D54 /* Frameworks */,
				8429BF531E6FE42500420D54 /* Resources */,
			);
			buildRules = (
			);
			dependencies = (
				8429BF571E6FE42500420D54 /* PBXTargetDependency */,
			);
			name = HHRouterTestDemoTests;
			productName = HHRouterTestDemoTests;
			productReference = 8429BF551E6FE42500420D54 /* HHRouterTestDemoTests.xctest */;
			productType = "com.apple.product-type.bundle.unit-test";
		};
		8429BF5F1E6FE42500420D54 /* HHRouterTestDemoUITests */ = {
			isa = PBXNativeTarget;
			buildConfigurationList = 8429BF6F1E6FE42500420D54 /* Build configuration list for PBXNativeTarget "HHRouterTestDemoUITests" */;
			buildPhases = (
				8429BF5C1E6FE42500420D54 /* Sources */,
				8429BF5D1E6FE42500420D54 /* Frameworks */,
				8429BF5E1E6FE42500420D54 /* Resources */,
			);
			buildRules = (
			);
			dependencies = (
				8429BF621E6FE42500420D54 /* PBXTargetDependency */,
			);
			name = HHRouterTestDemoUITests;
			productName = HHRouterTestDemoUITests;
			productReference = 8429BF601E6FE42500420D54 /* HHRouterTestDemoUITests.xctest */;
			productType = "com.apple.product-type.bundle.ui-testing";
		};
/* End PBXNativeTarget section */

/* Begin PBXProject section */
		8429BF341E6FE42400420D54 /* Project object */ = {
			isa = PBXProject;
			attributes = {
				LastUpgradeCheck = 0820;
				ORGANIZATIONNAME = thomas;
				TargetAttributes = {
					8429BF3B1E6FE42400420D54 = {
						CreatedOnToolsVersion = 8.2;
						DevelopmentTeam = A76S262L77;
						ProvisioningStyle = Automatic;
					};
					8429BF541E6FE42500420D54 = {
						CreatedOnToolsVersion = 8.2;
						DevelopmentTeam = A76S262L77;
						ProvisioningStyle = Automatic;
						TestTargetID = 8429BF3B1E6FE42400420D54;
					};
					8429BF5F1E6FE42500420D54 = {
						CreatedOnToolsVersion = 8.2;
						DevelopmentTeam = A76S262L77;
						ProvisioningStyle = Automatic;
						TestTargetID = 8429BF3B1E6FE42400420D54;
					};
				};
			};
			buildConfigurationList = 8429BF371E6FE42400420D54 /* Build configuration list for PBXProject "HHRouterTestDemo" */;
			compatibilityVersion = "Xcode 3.2";
			developmentRegion = English;
			hasScannedForEncodings = 0;
			knownRegions = (
				en,
				Base,
			);
			mainGroup = 8429BF331E6FE42400420D54;
			productRefGroup = 8429BF3D1E6FE42400420D54 /* Products */;
			projectDirPath = "";
			projectRoot = "";
			targets = (
				8429BF3B1E6FE42400420D54 /* HHRouterTestDemo */,
				8429BF541E6FE42500420D54 /* HHRouterTestDemoTests */,
				8429BF5F1E6FE42500420D54 /* HHRouterTestDemoUITests */,
			);
		};
/* End PBXProject section */

/* Begin PBXResourcesBuildPhase section */
		8429BF3A1E6FE42400420D54 /* Resources */ = {
			isa = PBXResourcesBuildPhase;
			buildActionMask = 2147483647;
			files = (
				8429BF791E6FE75200420D54 /* UserBViewController.xib in Resources */,
				8429BF4F1E6FE42400420D54 /* LaunchScreen.storyboard in Resources */,
				8429BF4C1E6FE42400420D54 /* Assets.xcassets in Resources */,
				8429BF4A1E6FE42400420D54 /* Main.storyboard in Resources */,
				8429BF861E70115800420D54 /* UserDViewController.xib in Resources */,
				8429BF811E700F5800420D54 /* UserCControllerViewController.xib in Resources */,
			);
			runOnlyForDeploymentPostprocessing = 0;
		};
		8429BF531E6FE42500420D54 /* Resources */ = {
			isa = PBXResourcesBuildPhase;
			buildActionMask = 2147483647;
			files = (
			);
			runOnlyForDeploymentPostprocessing = 0;
		};
		8429BF5E1E6FE42500420D54 /* Resources */ = {
			isa = PBXResourcesBuildPhase;
			buildActionMask = 2147483647;
			files = (
			);
			runOnlyForDeploymentPostprocessing = 0;
		};
/* End PBXResourcesBuildPhase section */

/* Begin PBXShellScriptBuildPhase section */
		3F165FD0A0062713A236B8C8 /* [CP] Embed Pods Frameworks */ = {
			isa = PBXShellScriptBuildPhase;
			buildActionMask = 2147483647;
			files = (
			);
			inputPaths = (
			);
			name = "[CP] Embed Pods Frameworks";
			outputPaths = (
			);
			runOnlyForDeploymentPostprocessing = 0;
			shellPath = /bin/sh;
			shellScript = "\"${SRCROOT}/Pods/Target Support Files/Pods-HHRouterTestDemo/Pods-HHRouterTestDemo-frameworks.sh\"\n";
			showEnvVarsInLog = 0;
		};
		9606662C80320FA76C43D611 /* [CP] Copy Pods Resources */ = {
			isa = PBXShellScriptBuildPhase;
			buildActionMask = 2147483647;
			files = (
			);
			inputPaths = (
			);
			name = "[CP] Copy Pods Resources";
			outputPaths = (
			);
			runOnlyForDeploymentPostprocessing = 0;
			shellPath = /bin/sh;
			shellScript = "\"${SRCROOT}/Pods/Target Support Files/Pods-HHRouterTestDemo/Pods-HHRouterTestDemo-resources.sh\"\n";
			showEnvVarsInLog = 0;
		};
		A0FE6DC4F8927C7EC6C932C0 /* [CP] Check Pods Manifest.lock */ = {
			isa = PBXShellScriptBuildPhase;
			buildActionMask = 2147483647;
			files = (
			);
			inputPaths = (
			);
			name = "[CP] Check Pods Manifest.lock";
			outputPaths = (
			);
			runOnlyForDeploymentPostprocessing = 0;
			shellPath = /bin/sh;
			shellScript = "diff \"${PODS_ROOT}/../Podfile.lock\" \"${PODS_ROOT}/Manifest.lock\" > /dev/null\nif [ $? != 0 ] ; then\n    # print error to STDERR\n    echo \"error: The sandbox is not in sync with the Podfile.lock. Run 'pod install' or update your CocoaPods installation.\" >&2\n    exit 1\nfi\n";
			showEnvVarsInLog = 0;
		};
/* End PBXShellScriptBuildPhase section */

/* Begin PBXSourcesBuildPhase section */
		8429BF381E6FE42400420D54 /* Sources */ = {
			isa = PBXSourcesBuildPhase;
			buildActionMask = 2147483647;
			files = (
				8429BF781E6FE75200420D54 /* UserBViewController.m in Sources */,
				8429BF441E6FE42400420D54 /* AppDelegate.m in Sources */,
				8429BF851E70115800420D54 /* UserDViewController.m in Sources */,
				8429BF741E6FE73000420D54 /* UserAViewController.m in Sources */,
				8429BF801E700F5800420D54 /* UserCControllerViewController.m in Sources */,
				8429BF411E6FE42400420D54 /* main.m in Sources */,
			);
			runOnlyForDeploymentPostprocessing = 0;
		};
		8429BF511E6FE42500420D54 /* Sources */ = {
			isa = PBXSourcesBuildPhase;
			buildActionMask = 2147483647;
			files = (
				8429BF5A1E6FE42500420D54 /* HHRouterTestDemoTests.m in Sources */,
			);
			runOnlyForDeploymentPostprocessing = 0;
		};
		8429BF5C1E6FE42500420D54 /* Sources */ = {
			isa = PBXSourcesBuildPhase;
			buildActionMask = 2147483647;
			files = (
				8429BF651E6FE42500420D54 /* HHRouterTestDemoUITests.m in Sources */,
			);
			runOnlyForDeploymentPostprocessing = 0;
		};
/* End PBXSourcesBuildPhase section */

/* Begin PBXTargetDependency section */
		8429BF571E6FE42500420D54 /* PBXTargetDependency */ = {
			isa = PBXTargetDependency;
			target = 8429BF3B1E6FE42400420D54 /* HHRouterTestDemo */;
			targetProxy = 8429BF561E6FE42500420D54 /* PBXContainerItemProxy */;
		};
		8429BF621E6FE42500420D54 /* PBXTargetDependency */ = {
			isa = PBXTargetDependency;
			target = 8429BF3B1E6FE42400420D54 /* HHRouterTestDemo */;
			targetProxy = 8429BF611E6FE42500420D54 /* PBXContainerItemProxy */;
		};
/* End PBXTargetDependency section */

/* Begin PBXVariantGroup section */
		8429BF481E6FE42400420D54 /* Main.storyboard */ = {
			isa = PBXVariantGroup;
			children = (
				8429BF491E6FE42400420D54 /* Base */,
			);
			name = Main.storyboard;
			sourceTree = "<group>";
		};
		8429BF4D1E6FE42400420D54 /* LaunchScreen.storyboard */ = {
			isa = PBXVariantGroup;
			children = (
				8429BF4E1E6FE42400420D54 /* Base */,
			);
			name = LaunchScreen.storyboard;
			sourceTree = "<group>";
		};
/* End PBXVariantGroup section */

/* Begin XCBuildConfiguration section */
		8429BF671E6FE42500420D54 /* Debug */ = {
			isa = XCBuildConfiguration;
			buildSettings = {
				ALWAYS_SEARCH_USER_PATHS = NO;
				CLANG_ANALYZER_NONNULL = YES;
				CLANG_CXX_LANGUAGE_STANDARD = "gnu++0x";
				CLANG_CXX_LIBRARY = "libc++";
				CLANG_ENABLE_MODULES = YES;
				CLANG_ENABLE_OBJC_ARC = YES;
				CLANG_WARN_BOOL_CONVERSION = YES;
				CLANG_WARN_CONSTANT_CONVERSION = YES;
				CLANG_WARN_DIRECT_OBJC_ISA_USAGE = YES_ERROR;
				CLANG_WARN_DOCUMENTATION_COMMENTS = YES;
				CLANG_WARN_EMPTY_BODY = YES;
				CLANG_WARN_ENUM_CONVERSION = YES;
				CLANG_WARN_INFINITE_RECURSION = YES;
				CLANG_WARN_INT_CONVERSION = YES;
				CLANG_WARN_OBJC_ROOT_CLASS = YES_ERROR;
				CLANG_WARN_SUSPICIOUS_MOVE = YES;
				CLANG_WARN_UNREACHABLE_CODE = YES;
				CLANG_WARN__DUPLICATE_METHOD_MATCH = YES;
				"CODE_SIGN_IDENTITY[sdk=iphoneos*]" = "iPhone Developer";
				COPY_PHASE_STRIP = NO;
				DEBUG_INFORMATION_FORMAT = dwarf;
				ENABLE_STRICT_OBJC_MSGSEND = YES;
				ENABLE_TESTABILITY = YES;
				GCC_C_LANGUAGE_STANDARD = gnu99;
				GCC_DYNAMIC_NO_PIC = NO;
				GCC_NO_COMMON_BLOCKS = YES;
				GCC_OPTIMIZATION_LEVEL = 0;
				GCC_PRECOMPILE_PREFIX_HEADER = NO;
				GCC_PREFIX_HEADER = "$(SRCROOT)/HHRouterTestDemo/HHRouterTestDemo.pch";
				GCC_PREPROCESSOR_DEFINITIONS = (
					"DEBUG=1",
					"$(inherited)",
				);
				GCC_WARN_64_TO_32_BIT_CONVERSION = YES;
				GCC_WARN_ABOUT_RETURN_TYPE = YES_ERROR;
				GCC_WARN_UNDECLARED_SELECTOR = YES;
				GCC_WARN_UNINITIALIZED_AUTOS = YES_AGGRESSIVE;
				GCC_WARN_UNUSED_FUNCTION = YES;
				GCC_WARN_UNUSED_VARIABLE = YES;
				IPHONEOS_DEPLOYMENT_TARGET = 10.2;
				MTL_ENABLE_DEBUG_INFO = YES;
				ONLY_ACTIVE_ARCH = YES;
				SDKROOT = iphoneos;
				TARGETED_DEVICE_FAMILY = "1,2";
			};
			name = Debug;
		};
		8429BF681E6FE42500420D54 /* Release */ = {
			isa = XCBuildConfiguration;
			buildSettings = {
				ALWAYS_SEARCH_USER_PATHS = NO;
				CLANG_ANALYZER_NONNULL = YES;
				CLANG_CXX_LANGUAGE_STANDARD = "gnu++0x";
				CLANG_CXX_LIBRARY = "libc++";
				CLANG_ENABLE_MODULES = YES;
				CLANG_ENABLE_OBJC_ARC = YES;
				CLANG_WARN_BOOL_CONVERSION = YES;
				CLANG_WARN_CONSTANT_CONVERSION = YES;
				CLANG_WARN_DIRECT_OBJC_ISA_USAGE = YES_ERROR;
				CLANG_WARN_DOCUMENTATION_COMMENTS = YES;
				CLANG_WARN_EMPTY_BODY = YES;
				CLANG_WARN_ENUM_CONVERSION = YES;
				CLANG_WARN_INFINITE_RECURSION = YES;
				CLANG_WARN_INT_CONVERSION = YES;
				CLANG_WARN_OBJC_ROOT_CLASS = YES_ERROR;
				CLANG_WARN_SUSPICIOUS_MOVE = YES;
				CLANG_WARN_UNREACHABLE_CODE = YES;
				CLANG_WARN__DUPLICATE_METHOD_MATCH = YES;
				"CODE_SIGN_IDENTITY[sdk=iphoneos*]" = "iPhone Developer";
				COPY_PHASE_STRIP = NO;
				DEBUG_INFORMATION_FORMAT = "dwarf-with-dsym";
				ENABLE_NS_ASSERTIONS = NO;
				ENABLE_STRICT_OBJC_MSGSEND = YES;
				GCC_C_LANGUAGE_STANDARD = gnu99;
				GCC_NO_COMMON_BLOCKS = YES;
				GCC_PRECOMPILE_PREFIX_HEADER = NO;
				GCC_PREFIX_HEADER = "$(SRCROOT)/HHRouterTestDemo/HHRouterTestDemo.pch";
				GCC_WARN_64_TO_32_BIT_CONVERSION = YES;
				GCC_WARN_ABOUT_RETURN_TYPE = YES_ERROR;
				GCC_WARN_UNDECLARED_SELECTOR = YES;
				GCC_WARN_UNINITIALIZED_AUTOS = YES_AGGRESSIVE;
				GCC_WARN_UNUSED_FUNCTION = YES;
				GCC_WARN_UNUSED_VARIABLE = YES;
				IPHONEOS_DEPLOYMENT_TARGET = 10.2;
				MTL_ENABLE_DEBUG_INFO = NO;
				SDKROOT = iphoneos;
				TARGETED_DEVICE_FAMILY = "1,2";
				VALIDATE_PRODUCT = YES;
			};
			name = Release;
		};
		8429BF6A1E6FE42500420D54 /* Debug */ = {
			isa = XCBuildConfiguration;
			baseConfigurationReference = 919705EBBDA87CEFE9131AD3 /* Pods-HHRouterTestDemo.debug.xcconfig */;
			buildSettings = {
				ASSETCATALOG_COMPILER_APPICON_NAME = AppIcon;
				DEVELOPMENT_TEAM = A76S262L77;
				INFOPLIST_FILE = HHRouterTestDemo/Info.plist;
				LD_RUNPATH_SEARCH_PATHS = "$(inherited) @executable_path/Frameworks";
				PRODUCT_BUNDLE_IDENTIFIER = thomas.HHRouterTestDemo;
				PRODUCT_NAME = "$(TARGET_NAME)";
			};
			name = Debug;
		};
		8429BF6B1E6FE42500420D54 /* Release */ = {
			isa = XCBuildConfiguration;
			baseConfigurationReference = 7572A3489A3A9A707CC901AC /* Pods-HHRouterTestDemo.release.xcconfig */;
			buildSettings = {
				ASSETCATALOG_COMPILER_APPICON_NAME = AppIcon;
				DEVELOPMENT_TEAM = A76S262L77;
				INFOPLIST_FILE = HHRouterTestDemo/Info.plist;
				LD_RUNPATH_SEARCH_PATHS = "$(inherited) @executable_path/Frameworks";
				PRODUCT_BUNDLE_IDENTIFIER = thomas.HHRouterTestDemo;
				PRODUCT_NAME = "$(TARGET_NAME)";
			};
			name = Release;
		};
		8429BF6D1E6FE42500420D54 /* Debug */ = {
			isa = XCBuildConfiguration;
			buildSettings = {
				BUNDLE_LOADER = "$(TEST_HOST)";
				DEVELOPMENT_TEAM = A76S262L77;
				INFOPLIST_FILE = HHRouterTestDemoTests/Info.plist;
				LD_RUNPATH_SEARCH_PATHS = "$(inherited) @executable_path/Frameworks @loader_path/Frameworks";
				PRODUCT_BUNDLE_IDENTIFIER = thomas.HHRouterTestDemoTests;
				PRODUCT_NAME = "$(TARGET_NAME)";
				TEST_HOST = "$(BUILT_PRODUCTS_DIR)/HHRouterTestDemo.app/HHRouterTestDemo";
			};
			name = Debug;
		};
		8429BF6E1E6FE42500420D54 /* Release */ = {
			isa = XCBuildConfiguration;
			buildSettings = {
				BUNDLE_LOADER = "$(TEST_HOST)";
				DEVELOPMENT_TEAM = A76S262L77;
				INFOPLIST_FILE = HHRouterTestDemoTests/Info.plist;
				LD_RUNPATH_SEARCH_PATHS = "$(inherited) @executable_path/Frameworks @loader_path/Frameworks";
				PRODUCT_BUNDLE_IDENTIFIER = thomas.HHRouterTestDemoTests;
				PRODUCT_NAME = "$(TARGET_NAME)";
				TEST_HOST = "$(BUILT_PRODUCTS_DIR)/HHRouterTestDemo.app/HHRouterTestDemo";
			};
			name = Release;
		};
		8429BF701E6FE42500420D54 /* Debug */ = {
			isa = XCBuildConfiguration;
			buildSettings = {
				DEVELOPMENT_TEAM = A76S262L77;
				INFOPLIST_FILE = HHRouterTestDemoUITests/Info.plist;
				LD_RUNPATH_SEARCH_PATHS = "$(inherited) @executable_path/Frameworks @loader_path/Frameworks";
				PRODUCT_BUNDLE_IDENTIFIER = thomas.HHRouterTestDemoUITests;
				PRODUCT_NAME = "$(TARGET_NAME)";
				TEST_TARGET_NAME = HHRouterTestDemo;
			};
			name = Debug;
		};
		8429BF711E6FE42500420D54 /* Release */ = {
			isa = XCBuildConfiguration;
			buildSettings = {
				DEVELOPMENT_TEAM = A76S262L77;
				INFOPLIST_FILE = HHRouterTestDemoUITests/Info.plist;
				LD_RUNPATH_SEARCH_PATHS = "$(inherited) @executable_path/Frameworks @loader_path/Frameworks";
				PRODUCT_BUNDLE_IDENTIFIER = thomas.HHRouterTestDemoUITests;
				PRODUCT_NAME = "$(TARGET_NAME)";
				TEST_TARGET_NAME = HHRouterTestDemo;
			};
			name = Release;
		};
/* End XCBuildConfiguration section */

/* Begin XCConfigurationList section */
		8429BF371E6FE42400420D54 /* Build configuration list for PBXProject "HHRouterTestDemo" */ = {
			isa = XCConfigurationList;
			buildConfigurations = (
				8429BF671E6FE42500420D54 /* Debug */,
				8429BF681E6FE42500420D54 /* Release */,
			);
			defaultConfigurationIsVisible = 0;
			defaultConfigurationName = Release;
		};
		8429BF691E6FE42500420D54 /* Build configuration list for PBXNativeTarget "HHRouterTestDemo" */ = {
			isa = XCConfigurationList;
			buildConfigurations = (
				8429BF6A1E6FE42500420D54 /* Debug */,
				8429BF6B1E6FE42500420D54 /* Release */,
			);
			defaultConfigurationIsVisible = 0;
			defaultConfigurationName = Release;
		};
		8429BF6C1E6FE42500420D54 /* Build configuration list for PBXNativeTarget "HHRouterTestDemoTests" */ = {
			isa = XCConfigurationList;
			buildConfigurations = (
				8429BF6D1E6FE42500420D54 /* Debug */,
				8429BF6E1E6FE42500420D54 /* Release */,
			);
			defaultConfigurationIsVisible = 0;
			defaultConfigurationName = Release;
		};
		8429BF6F1E6FE42500420D54 /* Build configuration list for PBXNativeTarget "HHRouterTestDemoUITests" */ = {
			isa = XCConfigurationList;
			buildConfigurations = (
				8429BF701E6FE42500420D54 /* Debug */,
				8429BF711E6FE42500420D54 /* Release */,
			);
			defaultConfigurationIsVisible = 0;
			defaultConfigurationName = Release;
		};
/* End XCConfigurationList section */
	};
	rootObject = 8429BF341E6FE42400420D54 /* Project object */;
}
